// !$*UTF8*$!
{
	archiveVersion = 1;
	classes = {
	};
	objectVersion = 50;
	objects = {

/* Begin PBXBuildFile section */
		052EEE0B8CAE6552C2AB16ED /* Pods_htchhkr_development.framework in Frameworks */ = {isa = PBXBuildFile; fileRef = 209F8F32D170921046B57384 /* Pods_htchhkr_development.framework */; };
		1C1B7D11216C131D00F0C45D /* UpdateService.swift in Sources */ = {isa = PBXBuildFile; fileRef = 1C1B7D10216C131D00F0C45D /* UpdateService.swift */; };
		1C221D57214E375C00646303 /* RoundedCornerTextField.swift in Sources */ = {isa = PBXBuildFile; fileRef = 1C221D56214E375C00646303 /* RoundedCornerTextField.swift */; };
		1C29476F21707DC7002BCB2C /* DriverAnnotation.swift in Sources */ = {isa = PBXBuildFile; fileRef = 1C29476E21707DC7002BCB2C /* DriverAnnotation.swift */; };
		1C3C5BDE214CE353001961C9 /* UIViewExt.swift in Sources */ = {isa = PBXBuildFile; fileRef = 1C3C5BDD214CE353001961C9 /* UIViewExt.swift */; };
		1C3C5BE0214D8D18001961C9 /* LoginVC.swift in Sources */ = {isa = PBXBuildFile; fileRef = 1C3C5BDF214D8D18001961C9 /* LoginVC.swift */; };
		1C5DA4B4218924D800CBC700 /* PickupVC.swift in Sources */ = {isa = PBXBuildFile; fileRef = 1C5DA4B3218924D800CBC700 /* PickupVC.swift */; };
		1C5DA4B621892A7A00CBC700 /* RoundMapView.swift in Sources */ = {isa = PBXBuildFile; fileRef = 1C5DA4B521892A7A00CBC700 /* RoundMapView.swift */; };
		1C791F3E213BB0AD002B4221 /* GradientView.swift in Sources */ = {isa = PBXBuildFile; fileRef = 1C791F3D213BB0AD002B4221 /* GradientView.swift */; };
		1C7E1D9F2143AF79005B1DEB /* RoundImageView.swift in Sources */ = {isa = PBXBuildFile; fileRef = 1C7E1D9E2143AF79005B1DEB /* RoundImageView.swift */; };
		1C7E1DA12143B609005B1DEB /* RoundedShadowView.swift in Sources */ = {isa = PBXBuildFile; fileRef = 1C7E1DA02143B609005B1DEB /* RoundedShadowView.swift */; };
		1C7E1DA32143B910005B1DEB /* CircleView.swift in Sources */ = {isa = PBXBuildFile; fileRef = 1C7E1DA22143B910005B1DEB /* CircleView.swift */; };
		1C7E1DA52143BD3B005B1DEB /* RoundedShadowButton.swift in Sources */ = {isa = PBXBuildFile; fileRef = 1C7E1DA42143BD3B005B1DEB /* RoundedShadowButton.swift */; };
		1C946391217941570074D4D6 /* UIViewControllerExt.swift in Sources */ = {isa = PBXBuildFile; fileRef = 1C946390217941570074D4D6 /* UIViewControllerExt.swift */; };
		1CAF31A6214EE1BF0047B9C4 /* GoogleService-Info.plist in Resources */ = {isa = PBXBuildFile; fileRef = 1CAF31A5214EE1BE0047B9C4 /* GoogleService-Info.plist */; };
		1CAF31A9214EF22D0047B9C4 /* DataService.swift in Sources */ = {isa = PBXBuildFile; fileRef = 1CAF31A8214EF22D0047B9C4 /* DataService.swift */; };
		1CB156152172454900D9DFDF /* PassengerAnnotation.swift in Sources */ = {isa = PBXBuildFile; fileRef = 1CB156142172454900D9DFDF /* PassengerAnnotation.swift */; };
		1CBA16F2217C512C000DC98B /* Alertable.swift in Sources */ = {isa = PBXBuildFile; fileRef = 1CBA16F1217C512C000DC98B /* Alertable.swift */; };
		1CBB4CA12144FAE300C70C49 /* LeftSidePanelVC.swift in Sources */ = {isa = PBXBuildFile; fileRef = 1CBB4CA02144FAE300C70C49 /* LeftSidePanelVC.swift */; };
		1CBB4CA32144FC1500C70C49 /* ContainerVC.swift in Sources */ = {isa = PBXBuildFile; fileRef = 1CBB4CA22144FC1500C70C49 /* ContainerVC.swift */; };
		1CBB4CA62145044100C70C49 /* CenterVCDelegate.swift in Sources */ = {isa = PBXBuildFile; fileRef = 1CBB4CA52145044100C70C49 /* CenterVCDelegate.swift */; };
		1CF7CCBC2134869200D9C60E /* AppDelegate.swift in Sources */ = {isa = PBXBuildFile; fileRef = 1CF7CCBB2134869200D9C60E /* AppDelegate.swift */; };
		1CF7CCBE2134869200D9C60E /* HomeVC.swift in Sources */ = {isa = PBXBuildFile; fileRef = 1CF7CCBD2134869200D9C60E /* HomeVC.swift */; };
		1CF7CCC12134869200D9C60E /* Main.storyboard in Resources */ = {isa = PBXBuildFile; fileRef = 1CF7CCBF2134869200D9C60E /* Main.storyboard */; };
		1CF7CCC32134869400D9C60E /* Assets.xcassets in Resources */ = {isa = PBXBuildFile; fileRef = 1CF7CCC22134869400D9C60E /* Assets.xcassets */; };
		1CF7CCC62134869400D9C60E /* LaunchScreen.storyboard in Resources */ = {isa = PBXBuildFile; fileRef = 1CF7CCC42134869400D9C60E /* LaunchScreen.storyboard */; };
/* End PBXBuildFile section */

/* Begin PBXFileReference section */
		1C1B7D10216C131D00F0C45D /* UpdateService.swift */ = {isa = PBXFileReference; lastKnownFileType = sourcecode.swift; path = UpdateService.swift; sourceTree = "<group>"; };
		1C221D56214E375C00646303 /* RoundedCornerTextField.swift */ = {isa = PBXFileReference; lastKnownFileType = sourcecode.swift; path = RoundedCornerTextField.swift; sourceTree = "<group>"; };
		1C29476E21707DC7002BCB2C /* DriverAnnotation.swift */ = {isa = PBXFileReference; lastKnownFileType = sourcecode.swift; path = DriverAnnotation.swift; sourceTree = "<group>"; };
		1C3C5BDD214CE353001961C9 /* UIViewExt.swift */ = {isa = PBXFileReference; lastKnownFileType = sourcecode.swift; path = UIViewExt.swift; sourceTree = "<group>"; };
		1C3C5BDF214D8D18001961C9 /* LoginVC.swift */ = {isa = PBXFileReference; lastKnownFileType = sourcecode.swift; path = LoginVC.swift; sourceTree = "<group>"; };
		1C5DA4B3218924D800CBC700 /* PickupVC.swift */ = {isa = PBXFileReference; lastKnownFileType = sourcecode.swift; path = PickupVC.swift; sourceTree = "<group>"; };
		1C5DA4B521892A7A00CBC700 /* RoundMapView.swift */ = {isa = PBXFileReference; lastKnownFileType = sourcecode.swift; path = RoundMapView.swift; sourceTree = "<group>"; };
		1C791F3D213BB0AD002B4221 /* GradientView.swift */ = {isa = PBXFileReference; lastKnownFileType = sourcecode.swift; path = GradientView.swift; sourceTree = "<group>"; };
		1C7E1D9E2143AF79005B1DEB /* RoundImageView.swift */ = {isa = PBXFileReference; lastKnownFileType = sourcecode.swift; path = RoundImageView.swift; sourceTree = "<group>"; };
		1C7E1DA02143B609005B1DEB /* RoundedShadowView.swift */ = {isa = PBXFileReference; lastKnownFileType = sourcecode.swift; path = RoundedShadowView.swift; sourceTree = "<group>"; };
		1C7E1DA22143B910005B1DEB /* CircleView.swift */ = {isa = PBXFileReference; lastKnownFileType = sourcecode.swift; path = CircleView.swift; sourceTree = "<group>"; };
		1C7E1DA42143BD3B005B1DEB /* RoundedShadowButton.swift */ = {isa = PBXFileReference; lastKnownFileType = sourcecode.swift; path = RoundedShadowButton.swift; sourceTree = "<group>"; };
		1C946390217941570074D4D6 /* UIViewControllerExt.swift */ = {isa = PBXFileReference; lastKnownFileType = sourcecode.swift; path = UIViewControllerExt.swift; sourceTree = "<group>"; };
		1CAF31A5214EE1BE0047B9C4 /* GoogleService-Info.plist */ = {isa = PBXFileReference; fileEncoding = 4; lastKnownFileType = text.plist.xml; path = "GoogleService-Info.plist"; sourceTree = "<group>"; };
		1CAF31A8214EF22D0047B9C4 /* DataService.swift */ = {isa = PBXFileReference; lastKnownFileType = sourcecode.swift; path = DataService.swift; sourceTree = "<group>"; };
		1CB156142172454900D9DFDF /* PassengerAnnotation.swift */ = {isa = PBXFileReference; lastKnownFileType = sourcecode.swift; path = PassengerAnnotation.swift; sourceTree = "<group>"; };
		1CBA16F1217C512C000DC98B /* Alertable.swift */ = {isa = PBXFileReference; lastKnownFileType = sourcecode.swift; path = Alertable.swift; sourceTree = "<group>"; };
		1CBB4CA02144FAE300C70C49 /* LeftSidePanelVC.swift */ = {isa = PBXFileReference; lastKnownFileType = sourcecode.swift; path = LeftSidePanelVC.swift; sourceTree = "<group>"; };
		1CBB4CA22144FC1500C70C49 /* ContainerVC.swift */ = {isa = PBXFileReference; lastKnownFileType = sourcecode.swift; path = ContainerVC.swift; sourceTree = "<group>"; };
		1CBB4CA52145044100C70C49 /* CenterVCDelegate.swift */ = {isa = PBXFileReference; lastKnownFileType = sourcecode.swift; path = CenterVCDelegate.swift; sourceTree = "<group>"; };
		1CF7CCB82134869200D9C60E /* htchhkr-development.app */ = {isa = PBXFileReference; explicitFileType = wrapper.application; includeInIndex = 0; path = "htchhkr-development.app"; sourceTree = BUILT_PRODUCTS_DIR; };
		1CF7CCBB2134869200D9C60E /* AppDelegate.swift */ = {isa = PBXFileReference; lastKnownFileType = sourcecode.swift; path = AppDelegate.swift; sourceTree = "<group>"; };
		1CF7CCBD2134869200D9C60E /* HomeVC.swift */ = {isa = PBXFileReference; lastKnownFileType = sourcecode.swift; path = HomeVC.swift; sourceTree = "<group>"; };
		1CF7CCC02134869200D9C60E /* Base */ = {isa = PBXFileReference; lastKnownFileType = file.storyboard; name = Base; path = Base.lproj/Main.storyboard; sourceTree = "<group>"; };
		1CF7CCC22134869400D9C60E /* Assets.xcassets */ = {isa = PBXFileReference; lastKnownFileType = folder.assetcatalog; path = Assets.xcassets; sourceTree = "<group>"; };
		1CF7CCC52134869400D9C60E /* Base */ = {isa = PBXFileReference; lastKnownFileType = file.storyboard; name = Base; path = Base.lproj/LaunchScreen.storyboard; sourceTree = "<group>"; };
		1CF7CCC72134869400D9C60E /* Info.plist */ = {isa = PBXFileReference; lastKnownFileType = text.plist.xml; path = Info.plist; sourceTree = "<group>"; };
		209F8F32D170921046B57384 /* Pods_htchhkr_development.framework */ = {isa = PBXFileReference; explicitFileType = wrapper.framework; includeInIndex = 0; path = Pods_htchhkr_development.framework; sourceTree = BUILT_PRODUCTS_DIR; };
		391295E48F7531329490AADA /* Pods-htchhkr-development.release.xcconfig */ = {isa = PBXFileReference; includeInIndex = 1; lastKnownFileType = text.xcconfig; name = "Pods-htchhkr-development.release.xcconfig"; path = "Pods/Target Support Files/Pods-htchhkr-development/Pods-htchhkr-development.release.xcconfig"; sourceTree = "<group>"; };
		7B65E1E2A2137CCB42C310E5 /* Pods-htchhkr-development.debug.xcconfig */ = {isa = PBXFileReference; includeInIndex = 1; lastKnownFileType = text.xcconfig; name = "Pods-htchhkr-development.debug.xcconfig"; path = "Pods/Target Support Files/Pods-htchhkr-development/Pods-htchhkr-development.debug.xcconfig"; sourceTree = "<group>"; };
/* End PBXFileReference section */

/* Begin PBXFrameworksBuildPhase section */
		1CF7CCB52134869200D9C60E /* Frameworks */ = {
			isa = PBXFrameworksBuildPhase;
			buildActionMask = 2147483647;
			files = (
				052EEE0B8CAE6552C2AB16ED /* Pods_htchhkr_development.framework in Frameworks */,
			);
			runOnlyForDeploymentPostprocessing = 0;
		};
/* End PBXFrameworksBuildPhase section */

/* Begin PBXGroup section */
		1C3C5BDC214CE2E5001961C9 /* Extensions */ = {
			isa = PBXGroup;
			children = (
				1C3C5BDD214CE353001961C9 /* UIViewExt.swift */,
				1C946390217941570074D4D6 /* UIViewControllerExt.swift */,
			);
			path = Extensions;
			sourceTree = "<group>";
		};
		1C791F3A213BAFCE002B4221 /* View */ = {
			isa = PBXGroup;
			children = (
				1C791F3D213BB0AD002B4221 /* GradientView.swift */,
				1C7E1D9E2143AF79005B1DEB /* RoundImageView.swift */,
				1C7E1DA02143B609005B1DEB /* RoundedShadowView.swift */,
				1C7E1DA22143B910005B1DEB /* CircleView.swift */,
				1C7E1DA42143BD3B005B1DEB /* RoundedShadowButton.swift */,
				1C221D56214E375C00646303 /* RoundedCornerTextField.swift */,
				1C29476E21707DC7002BCB2C /* DriverAnnotation.swift */,
				1CB156142172454900D9DFDF /* PassengerAnnotation.swift */,
				1C5DA4B521892A7A00CBC700 /* RoundMapView.swift */,
			);
			path = View;
			sourceTree = "<group>";
		};
		1C791F3B213BAFFA002B4221 /* Contoler */ = {
			isa = PBXGroup;
			children = (
				1CBB4CA02144FAE300C70C49 /* LeftSidePanelVC.swift */,
				1CBB4CA22144FC1500C70C49 /* ContainerVC.swift */,
				1C3C5BDF214D8D18001961C9 /* LoginVC.swift */,
				1C5DA4B3218924D800CBC700 /* PickupVC.swift */,
			);
			path = Contoler;
			sourceTree = "<group>";
		};
		1C791F3C213BB009002B4221 /* Model */ = {
			isa = PBXGroup;
			children = (
			);
			path = Model;
			sourceTree = "<group>";
		};
		1CAF31A7214EF1D30047B9C4 /* Services */ = {
			isa = PBXGroup;
			children = (
				1CAF31A8214EF22D0047B9C4 /* DataService.swift */,
				1C1B7D10216C131D00F0C45D /* UpdateService.swift */,
			);
			path = Services;
			sourceTree = "<group>";
		};
		1CBB4CA4214503F300C70C49 /* Protocols */ = {
			isa = PBXGroup;
			children = (
				1CBB4CA52145044100C70C49 /* CenterVCDelegate.swift */,
				1CBA16F1217C512C000DC98B /* Alertable.swift */,
			);
			path = Protocols;
			sourceTree = "<group>";
		};
		1CF7CCAF2134869100D9C60E = {
			isa = PBXGroup;
			children = (
				1CF7CCBA2134869200D9C60E /* htchhkr-development */,
				1CF7CCB92134869200D9C60E /* Products */,
				AAE2EB6CF5A00380D2E9D6D1 /* Pods */,
				5891799B7452CA03D4D3FEDD /* Frameworks */,
			);
			sourceTree = "<group>";
		};
		1CF7CCB92134869200D9C60E /* Products */ = {
			isa = PBXGroup;
			children = (
				1CF7CCB82134869200D9C60E /* htchhkr-development.app */,
			);
			name = Products;
			sourceTree = "<group>";
		};
		1CF7CCBA2134869200D9C60E /* htchhkr-development */ = {
			isa = PBXGroup;
			children = (
				1CAF31A7214EF1D30047B9C4 /* Services */,
				1C3C5BDC214CE2E5001961C9 /* Extensions */,
				1CBB4CA4214503F300C70C49 /* Protocols */,
				1C791F3C213BB009002B4221 /* Model */,
				1C791F3A213BAFCE002B4221 /* View */,
				1C791F3B213BAFFA002B4221 /* Contoler */,
				1CF7CCBB2134869200D9C60E /* AppDelegate.swift */,
				1CF7CCBD2134869200D9C60E /* HomeVC.swift */,
				1CF7CCBF2134869200D9C60E /* Main.storyboard */,
				1CF7CCC22134869400D9C60E /* Assets.xcassets */,
				1CF7CCC42134869400D9C60E /* LaunchScreen.storyboard */,
				1CF7CCC72134869400D9C60E /* Info.plist */,
				1CAF31A5214EE1BE0047B9C4 /* GoogleService-Info.plist */,
			);
			path = "htchhkr-development";
			sourceTree = "<group>";
		};
		5891799B7452CA03D4D3FEDD /* Frameworks */ = {
			isa = PBXGroup;
			children = (
				209F8F32D170921046B57384 /* Pods_htchhkr_development.framework */,
			);
			name = Frameworks;
			sourceTree = "<group>";
		};
		AAE2EB6CF5A00380D2E9D6D1 /* Pods */ = {
			isa = PBXGroup;
			children = (
				7B65E1E2A2137CCB42C310E5 /* Pods-htchhkr-development.debug.xcconfig */,
				391295E48F7531329490AADA /* Pods-htchhkr-development.release.xcconfig */,
			);
			name = Pods;
			sourceTree = "<group>";
		};
/* End PBXGroup section */

/* Begin PBXNativeTarget section */
		1CF7CCB72134869200D9C60E /* htchhkr-development */ = {
			isa = PBXNativeTarget;
			buildConfigurationList = 1CF7CCCA2134869400D9C60E /* Build configuration list for PBXNativeTarget "htchhkr-development" */;
			buildPhases = (
				F069CBEEB6A46BF7E6D61610 /* [CP] Check Pods Manifest.lock */,
				1CF7CCB42134869200D9C60E /* Sources */,
				1CF7CCB52134869200D9C60E /* Frameworks */,
				1CF7CCB62134869200D9C60E /* Resources */,
				0C8C46AEED6DAA89BADE69FE /* [CP] Embed Pods Frameworks */,
			);
			buildRules = (
			);
			dependencies = (
			);
			name = "htchhkr-development";
			productName = "htchhkr-development";
			productReference = 1CF7CCB82134869200D9C60E /* htchhkr-development.app */;
			productType = "com.apple.product-type.application";
		};
/* End PBXNativeTarget section */

/* Begin PBXProject section */
		1CF7CCB02134869100D9C60E /* Project object */ = {
			isa = PBXProject;
			attributes = {
				LastSwiftUpdateCheck = 0940;
				LastUpgradeCheck = 0940;
				ORGANIZATIONNAME = sade;
				TargetAttributes = {
					1CF7CCB72134869200D9C60E = {
						CreatedOnToolsVersion = 9.4.1;
						LastSwiftMigration = 1000;
					};
				};
			};
			buildConfigurationList = 1CF7CCB32134869100D9C60E /* Build configuration list for PBXProject "htchhkr-development" */;
			compatibilityVersion = "Xcode 9.3";
			developmentRegion = en;
			hasScannedForEncodings = 0;
			knownRegions = (
				en,
				Base,
			);
			mainGroup = 1CF7CCAF2134869100D9C60E;
			productRefGroup = 1CF7CCB92134869200D9C60E /* Products */;
			projectDirPath = "";
			projectRoot = "";
			targets = (
				1CF7CCB72134869200D9C60E /* htchhkr-development */,
			);
		};
/* End PBXProject section */

/* Begin PBXResourcesBuildPhase section */
		1CF7CCB62134869200D9C60E /* Resources */ = {
			isa = PBXResourcesBuildPhase;
			buildActionMask = 2147483647;
			files = (
				1CF7CCC62134869400D9C60E /* LaunchScreen.storyboard in Resources */,
				1CAF31A6214EE1BF0047B9C4 /* GoogleService-Info.plist in Resources */,
				1CF7CCC32134869400D9C60E /* Assets.xcassets in Resources */,
				1CF7CCC12134869200D9C60E /* Main.storyboard in Resources */,
			);
			runOnlyForDeploymentPostprocessing = 0;
		};
/* End PBXResourcesBuildPhase section */

/* Begin PBXShellScriptBuildPhase section */
		0C8C46AEED6DAA89BADE69FE /* [CP] Embed Pods Frameworks */ = {
			isa = PBXShellScriptBuildPhase;
			buildActionMask = 2147483647;
			files = (
			);
			inputPaths = (
				"${SRCROOT}/Pods/Target Support Files/Pods-htchhkr-development/Pods-htchhkr-development-frameworks.sh",
				"${BUILT_PRODUCTS_DIR}/GTMSessionFetcher/GTMSessionFetcher.framework",
				"${BUILT_PRODUCTS_DIR}/GoogleToolboxForMac/GoogleToolboxForMac.framework",
				"${BUILT_PRODUCTS_DIR}/RevealingSplashView/RevealingSplashView.framework",
				"${BUILT_PRODUCTS_DIR}/leveldb-library/leveldb.framework",
				"${BUILT_PRODUCTS_DIR}/nanopb/nanopb.framework",
			);
			name = "[CP] Embed Pods Frameworks";
			outputPaths = (
				"${TARGET_BUILD_DIR}/${FRAMEWORKS_FOLDER_PATH}/GTMSessionFetcher.framework",
				"${TARGET_BUILD_DIR}/${FRAMEWORKS_FOLDER_PATH}/GoogleToolboxForMac.framework",
				"${TARGET_BUILD_DIR}/${FRAMEWORKS_FOLDER_PATH}/RevealingSplashView.framework",
				"${TARGET_BUILD_DIR}/${FRAMEWORKS_FOLDER_PATH}/leveldb.framework",
				"${TARGET_BUILD_DIR}/${FRAMEWORKS_FOLDER_PATH}/nanopb.framework",
			);
			runOnlyForDeploymentPostprocessing = 0;
			shellPath = /bin/sh;
			shellScript = "\"${SRCROOT}/Pods/Target Support Files/Pods-htchhkr-development/Pods-htchhkr-development-frameworks.sh\"\n";
			showEnvVarsInLog = 0;
		};
		F069CBEEB6A46BF7E6D61610 /* [CP] Check Pods Manifest.lock */ = {
			isa = PBXShellScriptBuildPhase;
			buildActionMask = 2147483647;
			files = (
			);
			inputPaths = (
				"${PODS_PODFILE_DIR_PATH}/Podfile.lock",
				"${PODS_ROOT}/Manifest.lock",
			);
			name = "[CP] Check Pods Manifest.lock";
			outputPaths = (
				"$(DERIVED_FILE_DIR)/Pods-htchhkr-development-checkManifestLockResult.txt",
			);
			runOnlyForDeploymentPostprocessing = 0;
			shellPath = /bin/sh;
			shellScript = "diff \"${PODS_PODFILE_DIR_PATH}/Podfile.lock\" \"${PODS_ROOT}/Manifest.lock\" > /dev/null\nif [ $? != 0 ] ; then\n    # print error to STDERR\n    echo \"error: The sandbox is not in sync with the Podfile.lock. Run 'pod install' or update your CocoaPods installation.\" >&2\n    exit 1\nfi\n# This output is used by Xcode 'outputs' to avoid re-running this script phase.\necho \"SUCCESS\" > \"${SCRIPT_OUTPUT_FILE_0}\"\n";
			showEnvVarsInLog = 0;
		};
/* End PBXShellScriptBuildPhase section */

/* Begin PBXSourcesBuildPhase section */
		1CF7CCB42134869200D9C60E /* Sources */ = {
			isa = PBXSourcesBuildPhase;
			buildActionMask = 2147483647;
			files = (
				1CBB4CA62145044100C70C49 /* CenterVCDelegate.swift in Sources */,
				1CAF31A9214EF22D0047B9C4 /* DataService.swift in Sources */,
				1C946391217941570074D4D6 /* UIViewControllerExt.swift in Sources */,
				1C7E1DA52143BD3B005B1DEB /* RoundedShadowButton.swift in Sources */,
				1C3C5BE0214D8D18001961C9 /* LoginVC.swift in Sources */,
				1CBB4CA12144FAE300C70C49 /* LeftSidePanelVC.swift in Sources */,
				1C7E1DA32143B910005B1DEB /* CircleView.swift in Sources */,
				1CBB4CA32144FC1500C70C49 /* ContainerVC.swift in Sources */,
				1CB156152172454900D9DFDF /* PassengerAnnotation.swift in Sources */,
				1C3C5BDE214CE353001961C9 /* UIViewExt.swift in Sources */,
				1C29476F21707DC7002BCB2C /* DriverAnnotation.swift in Sources */,
				1CBA16F2217C512C000DC98B /* Alertable.swift in Sources */,
				1CF7CCBE2134869200D9C60E /* HomeVC.swift in Sources */,
				1C1B7D11216C131D00F0C45D /* UpdateService.swift in Sources */,
				1C5DA4B4218924D800CBC700 /* PickupVC.swift in Sources */,
				1C5DA4B621892A7A00CBC700 /* RoundMapView.swift in Sources */,
				1C7E1D9F2143AF79005B1DEB /* RoundImageView.swift in Sources */,
				1C7E1DA12143B609005B1DEB /* RoundedShadowView.swift in Sources */,
				1C221D57214E375C00646303 /* RoundedCornerTextField.swift in Sources */,
				1CF7CCBC2134869200D9C60E /* AppDelegate.swift in Sources */,
				1C791F3E213BB0AD002B4221 /* GradientView.swift in Sources */,
			);
			runOnlyForDeploymentPostprocessing = 0;
		};
/* End PBXSourcesBuildPhase section */

/* Begin PBXVariantGroup section */
		1CF7CCBF2134869200D9C60E /* Main.storyboard */ = {
			isa = PBXVariantGroup;
			children = (
				1CF7CCC02134869200D9C60E /* Base */,
			);
			name = Main.storyboard;
			sourceTree = "<group>";
		};
		1CF7CCC42134869400D9C60E /* LaunchScreen.storyboard */ = {
			isa = PBXVariantGroup;
			children = (
				1CF7CCC52134869400D9C60E /* Base */,
			);
			name = LaunchScreen.storyboard;
			sourceTree = "<group>";
		};
/* End PBXVariantGroup section */

/* Begin XCBuildConfiguration section */
		1CF7CCC82134869400D9C60E /* Debug */ = {
			isa = XCBuildConfiguration;
			buildSettings = {
				ALWAYS_SEARCH_USER_PATHS = NO;
				CLANG_ANALYZER_NONNULL = YES;
				CLANG_ANALYZER_NUMBER_OBJECT_CONVERSION = YES_AGGRESSIVE;
				CLANG_CXX_LANGUAGE_STANDARD = "gnu++14";
				CLANG_CXX_LIBRARY = "libc++";
				CLANG_ENABLE_MODULES = YES;
				CLANG_ENABLE_OBJC_ARC = YES;
				CLANG_ENABLE_OBJC_WEAK = YES;
				CLANG_WARN_BLOCK_CAPTURE_AUTORELEASING = YES;
				CLANG_WARN_BOOL_CONVERSION = YES;
				CLANG_WARN_COMMA = YES;
				CLANG_WARN_CONSTANT_CONVERSION = YES;
				CLANG_WARN_DEPRECATED_OBJC_IMPLEMENTATIONS = YES;
				CLANG_WARN_DIRECT_OBJC_ISA_USAGE = YES_ERROR;
				CLANG_WARN_DOCUMENTATION_COMMENTS = YES;
				CLANG_WARN_EMPTY_BODY = YES;
				CLANG_WARN_ENUM_CONVERSION = YES;
				CLANG_WARN_INFINITE_RECURSION = YES;
				CLANG_WARN_INT_CONVERSION = YES;
				CLANG_WARN_NON_LITERAL_NULL_CONVERSION = YES;
				CLANG_WARN_OBJC_IMPLICIT_RETAIN_SELF = YES;
				CLANG_WARN_OBJC_LITERAL_CONVERSION = YES;
				CLANG_WARN_OBJC_ROOT_CLASS = YES_ERROR;
				CLANG_WARN_RANGE_LOOP_ANALYSIS = YES;
				CLANG_WARN_STRICT_PROTOTYPES = YES;
				CLANG_WARN_SUSPICIOUS_MOVE = YES;
				CLANG_WARN_UNGUARDED_AVAILABILITY = YES_AGGRESSIVE;
				CLANG_WARN_UNREACHABLE_CODE = YES;
				CLANG_WARN__DUPLICATE_METHOD_MATCH = YES;
				CODE_SIGN_IDENTITY = "iPhone Developer";
				COPY_PHASE_STRIP = NO;
				DEBUG_INFORMATION_FORMAT = dwarf;
				ENABLE_STRICT_OBJC_MSGSEND = YES;
				ENABLE_TESTABILITY = YES;
				GCC_C_LANGUAGE_STANDARD = gnu11;
				GCC_DYNAMIC_NO_PIC = NO;
				GCC_NO_COMMON_BLOCKS = YES;
				GCC_OPTIMIZATION_LEVEL = 0;
				GCC_PREPROCESSOR_DEFINITIONS = (
					"DEBUG=1",
					"$(inherited)",
				);
				GCC_WARN_64_TO_32_BIT_CONVERSION = YES;
				GCC_WARN_ABOUT_RETURN_TYPE = YES_ERROR;
				GCC_WARN_UNDECLARED_SELECTOR = YES;
				GCC_WARN_UNINITIALIZED_AUTOS = YES_AGGRESSIVE;
				GCC_WARN_UNUSED_FUNCTION = YES;
				GCC_WARN_UNUSED_VARIABLE = YES;
				IPHONEOS_DEPLOYMENT_TARGET = 11.4;
				MTL_ENABLE_DEBUG_INFO = YES;
				ONLY_ACTIVE_ARCH = YES;
				SDKROOT = iphoneos;
				SWIFT_ACTIVE_COMPILATION_CONDITIONS = DEBUG;
				SWIFT_OPTIMIZATION_LEVEL = "-Onone";
			};
			name = Debug;
		};
		1CF7CCC92134869400D9C60E /* Release */ = {
			isa = XCBuildConfiguration;
			buildSettings = {
				ALWAYS_SEARCH_USER_PATHS = NO;
				CLANG_ANALYZER_NONNULL = YES;
				CLANG_ANALYZER_NUMBER_OBJECT_CONVERSION = YES_AGGRESSIVE;
				CLANG_CXX_LANGUAGE_STANDARD = "gnu++14";
				CLANG_CXX_LIBRARY = "libc++";
				CLANG_ENABLE_MODULES = YES;
				CLANG_ENABLE_OBJC_ARC = YES;
				CLANG_ENABLE_OBJC_WEAK = YES;
				CLANG_WARN_BLOCK_CAPTURE_AUTORELEASING = YES;
				CLANG_WARN_BOOL_CONVERSION = YES;
				CLANG_WARN_COMMA = YES;
				CLANG_WARN_CONSTANT_CONVERSION = YES;
				CLANG_WARN_DEPRECATED_OBJC_IMPLEMENTATIONS = YES;
				CLANG_WARN_DIRECT_OBJC_ISA_USAGE = YES_ERROR;
				CLANG_WARN_DOCUMENTATION_COMMENTS = YES;
				CLANG_WARN_EMPTY_BODY = YES;
				CLANG_WARN_ENUM_CONVERSION = YES;
				CLANG_WARN_INFINITE_RECURSION = YES;
				CLANG_WARN_INT_CONVERSION = YES;
				CLANG_WARN_NON_LITERAL_NULL_CONVERSION = YES;
				CLANG_WARN_OBJC_IMPLICIT_RETAIN_SELF = YES;
				CLANG_WARN_OBJC_LITERAL_CONVERSION = YES;
				CLANG_WARN_OBJC_ROOT_CLASS = YES_ERROR;
				CLANG_WARN_RANGE_LOOP_ANALYSIS = YES;
				CLANG_WARN_STRICT_PROTOTYPES = YES;
				CLANG_WARN_SUSPICIOUS_MOVE = YES;
				CLANG_WARN_UNGUARDED_AVAILABILITY = YES_AGGRESSIVE;
				CLANG_WARN_UNREACHABLE_CODE = YES;
				CLANG_WARN__DUPLICATE_METHOD_MATCH = YES;
				CODE_SIGN_IDENTITY = "iPhone Developer";
				COPY_PHASE_STRIP = NO;
				DEBUG_INFORMATION_FORMAT = "dwarf-with-dsym";
				ENABLE_NS_ASSERTIONS = NO;
				ENABLE_STRICT_OBJC_MSGSEND = YES;
				GCC_C_LANGUAGE_STANDARD = gnu11;
				GCC_NO_COMMON_BLOCKS = YES;
				GCC_WARN_64_TO_32_BIT_CONVERSION = YES;
				GCC_WARN_ABOUT_RETURN_TYPE = YES_ERROR;
				GCC_WARN_UNDECLARED_SELECTOR = YES;
				GCC_WARN_UNINITIALIZED_AUTOS = YES_AGGRESSIVE;
				GCC_WARN_UNUSED_FUNCTION = YES;
				GCC_WARN_UNUSED_VARIABLE = YES;
				IPHONEOS_DEPLOYMENT_TARGET = 11.4;
				MTL_ENABLE_DEBUG_INFO = NO;
				SDKROOT = iphoneos;
				SWIFT_COMPILATION_MODE = wholemodule;
				SWIFT_OPTIMIZATION_LEVEL = "-O";
				VALIDATE_PRODUCT = YES;
			};
			name = Release;
		};
		1CF7CCCB2134869400D9C60E /* Debug */ = {
			isa = XCBuildConfiguration;
			baseConfigurationReference = 7B65E1E2A2137CCB42C310E5 /* Pods-htchhkr-development.debug.xcconfig */;
			buildSettings = {
				ASSETCATALOG_COMPILER_APPICON_NAME = AppIcon;
				CODE_SIGN_STYLE = Automatic;
				DEVELOPMENT_TEAM = 2EKTHK2S2T;
				INFOPLIST_FILE = "htchhkr-development/Info.plist";
				LD_RUNPATH_SEARCH_PATHS = (
					"$(inherited)",
					"@executable_path/Frameworks",
				);
				PRODUCT_BUNDLE_IDENTIFIER = "com.sade.htchhkr-development";
				PRODUCT_NAME = "$(TARGET_NAME)";
				SWIFT_VERSION = 4.2;
				TARGETED_DEVICE_FAMILY = "1,2";
			};
			name = Debug;
		};
		1CF7CCCC2134869400D9C60E /* Release */ = {
			isa = XCBuildConfiguration;
			baseConfigurationReference = 391295E48F7531329490AADA /* Pods-htchhkr-development.release.xcconfig */;
			buildSettings = {
				ASSETCATALOG_COMPILER_APPICON_NAME = AppIcon;
				CODE_SIGN_STYLE = Automatic;
				DEVELOPMENT_TEAM = 2EKTHK2S2T;
				INFOPLIST_FILE = "htchhkr-development/Info.plist";
				LD_RUNPATH_SEARCH_PATHS = (
					"$(inherited)",
					"@executable_path/Frameworks",
				);
				PRODUCT_BUNDLE_IDENTIFIER = "com.sade.htchhkr-development";
				PRODUCT_NAME = "$(TARGET_NAME)";
				SWIFT_VERSION = 4.2;
				TARGETED_DEVICE_FAMILY = "1,2";
			};
			name = Release;
		};
/* End XCBuildConfiguration section */

/* Begin XCConfigurationList section */
		1CF7CCB32134869100D9C60E /* Build configuration list for PBXProject "htchhkr-development" */ = {
			isa = XCConfigurationList;
			buildConfigurations = (
				1CF7CCC82134869400D9C60E /* Debug */,
				1CF7CCC92134869400D9C60E /* Release */,
			);
			defaultConfigurationIsVisible = 0;
			defaultConfigurationName = Release;
		};
		1CF7CCCA2134869400D9C60E /* Build configuration list for PBXNativeTarget "htchhkr-development" */ = {
			isa = XCConfigurationList;
			buildConfigurations = (
				1CF7CCCB2134869400D9C60E /* Debug */,
				1CF7CCCC2134869400D9C60E /* Release */,
			);
			defaultConfigurationIsVisible = 0;
			defaultConfigurationName = Release;
		};
/* End XCConfigurationList section */
	};
	rootObject = 1CF7CCB02134869100D9C60E /* Project object */;
}
